{
  "name": "modernize",
  "version": "0.0.1",
  "lockfileVersion": 1,
  "requires": true,
  "dependencies": {
    "@types/node": {
      "version": "10.0.4",
      "resolved": "https://registry.npmjs.org/@types/node/-/node-10.0.4.tgz",
      "integrity": "sha512-RisaZmcmCLjRipAY7nVi3fmkIk4Z0JMn8YHdGF6qYMsIDpD0dfzz+3yy2dL5Q5aHWOnqPx51IRxkA44myknJvw=="
    },
    "cli-progress": {
      "version": "1.8.0",
      "resolved": "https://registry.npmjs.org/cli-progress/-/cli-progress-1.8.0.tgz",
      "integrity": "sha1-Xor8MQ8gWPvjPpAG4xxxwcO12n8=",
      "requires": {
        "colors": "1.2.4"
      }
    },
    "colors": {
      "version": "1.2.4",
      "resolved": "https://registry.npmjs.org/colors/-/colors-1.2.4.tgz",
      "integrity": "sha512-6Y+iBnWmXL+AWtlOp2Vr6R2w5MUlNJRwR0ShVFaAb1CqWzhPOpQg4L0jxD+xpw/Nc8QJwaq3KM79QUCriY8CWQ=="
    },
    "typescript": {
      "version": "2.9.0-dev.20180509",
      "resolved": "https://registry.npmjs.org/typescript/-/typescript-2.9.0-dev.20180509.tgz",
      "integrity": "sha512-gI7oEGFIPMOC0K0K7M+LlOTq4+EYuH4Lsb50m1ZFoNouh3PPfgOVbOnGijBmdNkwVhDfxMTAoUPyWJ41wggwxQ=="
    }
  }
}
